
Microsoft Visual Studio Solution File, Format Version 12.00
# Visual Studio 15
VisualStudioVersion = 15.0.26124.0
MinimumVisualStudioVersion = 15.0.26124.0
Project("{FAE04EC0-301F-11D3-BF4B-00C04F79EFBC}") = "Service", "Service\Service.csproj", "{511211C8-658E-4571-80F0-929D2075BAD2}"
EndProject
Project("{FAE04EC0-301F-11D3-BF4B-00C04F79EFBC}") = "Tests", "Tests\Tests.csproj", "{EAD85704-762F-423E-AAA8-694B76BD6C1A}"
EndProject
Project("{2150E333-8FDC-42A3-9474-1A3956D46DE8}") = "Protos", "Protos", "{2E378A1C-A058-4125-BC23-B698C43FE75B}"
ProjectSection(SolutionItems) = preProject
	Protos\greet.proto = Protos\greet.proto
EndProjectSection
EndProject
Global
	GlobalSection(SolutionConfigurationPlatforms) = preSolution
		Debug|Any CPU = Debug|Any CPU
		Debug|x64 = Debug|x64
		Debug|x86 = Debug|x86
		Release|Any CPU = Release|Any CPU
		Release|x64 = Release|x64
		Release|x86 = Release|x86
	EndGlobalSection
	GlobalSection(SolutionProperties) = preSolution
		HideSolutionNode = FALSE
	EndGlobalSection
	GlobalSection(ProjectConfigurationPlatforms) = postSolution
		{511211C8-658E-4571-80F0-929D2075BAD2}.Debug|Any CPU.ActiveCfg = Debug|Any CPU
		{511211C8-658E-4571-80F0-929D2075BAD2}.Debug|Any CPU.Build.0 = Debug|Any CPU
		{511211C8-658E-4571-80F0-929D2075BAD2}.Debug|x64.ActiveCfg = Debug|Any CPU
		{511211C8-658E-4571-80F0-929D2075BAD2}.Debug|x64.Build.0 = Debug|Any CPU
		{511211C8-658E-4571-80F0-929D2075BAD2}.Debug|x86.ActiveCfg = Debug|Any CPU
		{511211C8-658E-4571-80F0-929D2075BAD2}.Debug|x86.Build.0 = Debug|Any CPU
		{511211C8-658E-4571-80F0-929D2075BAD2}.Release|Any CPU.ActiveCfg = Release|Any CPU
		{511211C8-658E-4571-80F0-929D2075BAD2}.Release|Any CPU.Build.0 = Release|Any CPU
		{511211C8-658E-4571-80F0-929D2075BAD2}.Release|x64.ActiveCfg = Release|Any CPU
		{511211C8-658E-4571-80F0-929D2075BAD2}.Release|x64.Build.0 = Release|Any CPU
		{511211C8-658E-4571-80F0-929D2075BAD2}.Release|x86.ActiveCfg = Release|Any CPU
		{511211C8-658E-4571-80F0-929D2075BAD2}.Release|x86.Build.0 = Release|Any CPU
		{EAD85704-762F-423E-AAA8-694B76BD6C1A}.Debug|Any CPU.ActiveCfg = Debug|Any CPU
		{EAD85704-762F-423E-AAA8-694B76BD6C1A}.Debug|Any CPU.Build.0 = Debug|Any CPU
		{EAD85704-762F-423E-AAA8-694B76BD6C1A}.Debug|x64.ActiveCfg = Debug|Any CPU
		{EAD85704-762F-423E-AAA8-694B76BD6C1A}.Debug|x64.Build.0 = Debug|Any CPU
		{EAD85704-762F-423E-AAA8-694B76BD6C1A}.Debug|x86.ActiveCfg = Debug|Any CPU
		{EAD85704-762F-423E-AAA8-694B76BD6C1A}.Debug|x86.Build.0 = Debug|Any CPU
		{EAD85704-762F-423E-AAA8-694B76BD6C1A}.Release|Any CPU.ActiveCfg = Release|Any CPU
		{EAD85704-762F-423E-AAA8-694B76BD6C1A}.Release|Any CPU.Build.0 = Release|Any CPU
		{EAD85704-762F-423E-AAA8-694B76BD6C1A}.Release|x64.ActiveCfg = Release|Any CPU
		{EAD85704-762F-423E-AAA8-694B76BD6C1A}.Release|x64.Build.0 = Release|Any CPU
		{EAD85704-762F-423E-AAA8-694B76BD6C1A}.Release|x86.ActiveCfg = Release|Any CPU
		{EAD85704-762F-423E-AAA8-694B76BD6C1A}.Release|x86.Build.0 = Release|Any CPU
	EndGlobalSection
EndGlobal
